<?xml version="1.0" encoding="utf-8"?>
<Project ToolsVersion="4.0" xmlns="http://schemas.microsoft.com/developer/msbuild/2003">
  <ItemGroup>
    <Filter Include="Source Files">
      <UniqueIdentifier>{4FC737F1-C7A5-4376-A066-2A32D752A2FF}</UniqueIdentifier>
      <Extensions>cpp;c;cc;cxx;c++;cppm;ixx;def;odl;idl;hpj;bat;asm;asmx</Extensions>
    </Filter>
    <Filter Include="Header Files">
      <UniqueIdentifier>{93995380-89BD-4b04-88EB-625FBE52EBFB}</UniqueIdentifier>
      <Extensions>h;hh;hpp;hxx;h++;hm;inl;inc;ipp;xsd</Extensions>
    </Filter>
    <Filter Include="Resource Files">
      <UniqueIdentifier>{67DA6AB6-F800-4c08-8B7A-83BB121AAD01}</UniqueIdentifier>
      <Extensions>rc;ico;cur;bmp;dlg;rc2;rct;bin;rgs;gif;jpg;jpeg;jpe;resx;tiff;tif;png;wav;mfcribbon-ms</Extensions>
    </Filter>
  </ItemGroup>
  <ItemGroup>
    <None Include="shaders\terrain.vert">
      <Filter>Resource Files</Filter>
    </None>
    <None Include="shaders\poslight.frag">
      <Filter>Resource Files</Filter>
    </None>
    <None Include="shaders\poslight.vert">
      <Filter>Resource Files</Filter>
    </None>
    <None Include="shaders\shadows.frag">
      <Filter>Resource Files</Filter>
    </None>
    <None Include="shaders\shadows.vert">
      <Filter>Resource Files</Filter>
    </None>
    <None Include="shaders\terrain.frag">
      <Filter>Resource Files</Filter>
    </None>
    <None Include="shaders\omnishadows.frag">
      <Filter>Resource Files</Filter>
    </None>
    <None Include="shaders\omnishadows.geom">
      <Filter>Resource Files</Filter>
    </None>
    <None Include="shaders\omnishadows.vert">
      <Filter>Resource Files</Filter>
    </None>
  </ItemGroup>
  <ItemGroup>
    <ClInclude Include="cubev2.h">
      <Filter>Header Files</Filter>
    </ClInclude>
    <ClInclude Include="Tube.h">
      <Filter>Header Files</Filter>
    </ClInclude>
    <ClInclude Include="tree.h">
      <Filter>Header Files</Filter>
    </ClInclude>
    <ClInclude Include="cylinder.h">
      <Filter>Header Files</Filter>
    </ClInclude>
    <ClInclude Include="texture_loader.h">
      <Filter>Header Files</Filter>
    </ClInclude>
    <ClInclude Include="stb_image.h">
      <Filter>Header Files</Filter>
    </ClInclude>
    <ClInclude Include="terrain_object.h">
      <Filter>Header Files</Filter>
    </ClInclude>
    <ClInclude Include="lights_uniform_block_wrapper.h">
      <Filter>Header Files</Filter>
    </ClInclude>
    <ClInclude Include="directional_light.h">
      <Filter>Header Files</Filter>
    </ClInclude>
    <ClInclude Include="wrapper_glfwv2.h">
      <Filter>Header Files</Filter>
    </ClInclude>
    <ClInclude Include="drone.h">
      <Filter>Header Files</Filter>
    </ClInclude>
  </ItemGroup>
  <ItemGroup>
    <ClCompile Include="cubev2.cpp">
      <Filter>Source Files</Filter>
    </ClCompile>
    <ClCompile Include="main.cpp">
      <Filter>Source Files</Filter>
    </ClCompile>
    <ClCompile Include="Tube.cpp">
      <Filter>Source Files</Filter>
    </ClCompile>
    <ClCompile Include="..\..\common\sphere.cpp">
      <Filter>Source Files</Filter>
    </ClCompile>
    <ClCompile Include="tree.cpp">
      <Filter>Source Files</Filter>
    </ClCompile>
    <ClCompile Include="cylinder.cpp">
      <Filter>Source Files</Filter>
    </ClCompile>
    <ClCompile Include="texture_loader.cpp">
      <Filter>Source Files</Filter>
    </ClCompile>
    <ClCompile Include="terrain_object.cpp">
      <Filter>Source Files</Filter>
    </ClCompile>
    <ClCompile Include="lights_uniform_block_wrapper.cpp">
      <Filter>Source Files</Filter>
    </ClCompile>
    <ClCompile Include="directional_light.cpp">
      <Filter>Source Files</Filter>
    </ClCompile>
    <ClCompile Include="wrapper_glfwv2.cpp">
      <Filter>Source Files</Filter>
    </ClCompile>
  </ItemGroup>
</Project>